// !$*UTF8*$!
{
	archiveVersion = 1;
	classes = {
	};
	objectVersion = 46;
	objects = {

/* Begin PBXBuildFile section */
		0061573D19EA3DF400C20203 /* main.m in Sources */ = {isa = PBXBuildFile; fileRef = 0061573C19EA3DF400C20203 /* main.m */; };
		0061574019EA3DF400C20203 /* AppDelegate.m in Sources */ = {isa = PBXBuildFile; fileRef = 0061573F19EA3DF400C20203 /* AppDelegate.m */; };
		0061574319EA3DF400C20203 /* ViewController.m in Sources */ = {isa = PBXBuildFile; fileRef = 0061574219EA3DF400C20203 /* ViewController.m */; };
		0061574619EA3DF400C20203 /* Main.storyboard in Resources */ = {isa = PBXBuildFile; fileRef = 0061574419EA3DF400C20203 /* Main.storyboard */; };
		0061574819EA3DF400C20203 /* Images.xcassets in Resources */ = {isa = PBXBuildFile; fileRef = 0061574719EA3DF400C20203 /* Images.xcassets */; };
		0061574B19EA3DF400C20203 /* LaunchScreen.xib in Resources */ = {isa = PBXBuildFile; fileRef = 0061574919EA3DF400C20203 /* LaunchScreen.xib */; };
		0061575719EA3DF400C20203 /* ChatifyMeTests.m in Sources */ = {isa = PBXBuildFile; fileRef = 0061575619EA3DF400C20203 /* ChatifyMeTests.m */; };
		0061576619EA410100C20203 /* Accounts.framework in Frameworks */ = {isa = PBXBuildFile; fileRef = 0061576519EA410100C20203 /* Accounts.framework */; };
		0061576819EA410900C20203 /* AudioToolbox.framework in Frameworks */ = {isa = PBXBuildFile; fileRef = 0061576719EA410900C20203 /* AudioToolbox.framework */; };
		0061576A19EA411000C20203 /* CFNetwork.framework in Frameworks */ = {isa = PBXBuildFile; fileRef = 0061576919EA411000C20203 /* CFNetwork.framework */; };
		0061576C19EA411900C20203 /* CoreGraphics.framework in Frameworks */ = {isa = PBXBuildFile; fileRef = 0061576B19EA411900C20203 /* CoreGraphics.framework */; };
		0061576E19EA412100C20203 /* CoreLocation.framework in Frameworks */ = {isa = PBXBuildFile; fileRef = 0061576D19EA412100C20203 /* CoreLocation.framework */; };
		0061577019EA412D00C20203 /* libz.dylib in Frameworks */ = {isa = PBXBuildFile; fileRef = 0061576F19EA412D00C20203 /* libz.dylib */; };
		0061577219EA413600C20203 /* MobileCoreServices.framework in Frameworks */ = {isa = PBXBuildFile; fileRef = 0061577119EA413600C20203 /* MobileCoreServices.framework */; };
		0061577419EA413D00C20203 /* QuartzCore.framework in Frameworks */ = {isa = PBXBuildFile; fileRef = 0061577319EA413D00C20203 /* QuartzCore.framework */; };
		0061577619EA414600C20203 /* Security.framework in Frameworks */ = {isa = PBXBuildFile; fileRef = 0061577519EA414600C20203 /* Security.framework */; };
		0061577819EA414E00C20203 /* Social.framework in Frameworks */ = {isa = PBXBuildFile; fileRef = 0061577719EA414E00C20203 /* Social.framework */; };
		0061577A19EA415700C20203 /* StoreKit.framework in Frameworks */ = {isa = PBXBuildFile; fileRef = 0061577919EA415700C20203 /* StoreKit.framework */; };
		0061577C19EA416300C20203 /* SystemConfiguration.framework in Frameworks */ = {isa = PBXBuildFile; fileRef = 0061577B19EA416300C20203 /* SystemConfiguration.framework */; };
		0061578019EA4A3000C20203 /* LoginViewController.m in Sources */ = {isa = PBXBuildFile; fileRef = 0061577E19EA4A3000C20203 /* LoginViewController.m */; };
		0061578419EA4AE100C20203 /* ChatifymeBG.jpg in Resources */ = {isa = PBXBuildFile; fileRef = 0061578319EA4AE100C20203 /* ChatifymeBG.jpg */; };
		0061578719EA4C0100C20203 /* chat.png in Resources */ = {isa = PBXBuildFile; fileRef = 0061578519EA4C0100C20203 /* chat.png */; };
		0061578819EA4C0100C20203 /* user.png in Resources */ = {isa = PBXBuildFile; fileRef = 0061578619EA4C0100C20203 /* user.png */; };
		0061578A19EA503500C20203 /* Bolts.framework in Frameworks */ = {isa = PBXBuildFile; fileRef = 0061578919EA503500C20203 /* Bolts.framework */; };
		0061579519EA5CA300C20203 /* Foundation.framework in Frameworks */ = {isa = PBXBuildFile; fileRef = 0061579419EA5CA300C20203 /* Foundation.framework */; };
		0061579B19EA6CB400C20203 /* ChatCell.m in Sources */ = {isa = PBXBuildFile; fileRef = 0061579A19EA6CB400C20203 /* ChatCell.m */; };
		0061579D19EA7BB400C20203 /* Parse.framework in Frameworks */ = {isa = PBXBuildFile; fileRef = 0061579C19EA7BB400C20203 /* Parse.framework */; };
		00F1F8C319EC3D9C00FDBC4E /* TransitionControllers in Resources */ = {isa = PBXBuildFile; fileRef = 00F1F8C219EC3D9C00FDBC4E /* TransitionControllers */; };
		00F1F8C719EC3EDA00FDBC4E /* WelcomeViewController.m in Sources */ = {isa = PBXBuildFile; fileRef = 00F1F8C519EC3EDA00FDBC4E /* WelcomeViewController.m */; };
		00F1F8CC19EC40E500FDBC4E /* DropAnimationController.m in Sources */ = {isa = PBXBuildFile; fileRef = 00F1F8CA19EC40E500FDBC4E /* DropAnimationController.m */; };
		00F1F8CD19EC40E500FDBC4E /* ZoomAnimationController.m in Sources */ = {isa = PBXBuildFile; fileRef = 00F1F8CB19EC40E500FDBC4E /* ZoomAnimationController.m */; };
		00F1F8CF19EC412700FDBC4E /* UIKit.framework in Frameworks */ = {isa = PBXBuildFile; fileRef = 00F1F8CE19EC412700FDBC4E /* UIKit.framework */; };
		00F1F8D219EC532B00FDBC4E /* SignUpViewController.m in Sources */ = {isa = PBXBuildFile; fileRef = 00F1F8D119EC532B00FDBC4E /* SignUpViewController.m */; };
		00F1F8D419EC577900FDBC4E /* Scringo in Resources */ = {isa = PBXBuildFile; fileRef = 00F1F8D319EC577900FDBC4E /* Scringo */; };
		00F1F8D619EC57E300FDBC4E /* Scringo.framework in Frameworks */ = {isa = PBXBuildFile; fileRef = 00F1F8D519EC57E300FDBC4E /* Scringo.framework */; };
		00F1F8DA19EC586F00FDBC4E /* FacebookSDK.framework in Frameworks */ = {isa = PBXBuildFile; fileRef = 00F1F8D919EC586F00FDBC4E /* FacebookSDK.framework */; };
		00F1F8DC19EC588900FDBC4E /* MapKit.framework in Frameworks */ = {isa = PBXBuildFile; fileRef = 00F1F8DB19EC588900FDBC4E /* MapKit.framework */; };
/* End PBXBuildFile section */

/* Begin PBXContainerItemProxy section */
		0061575119EA3DF400C20203 /* PBXContainerItemProxy */ = {
			isa = PBXContainerItemProxy;
			containerPortal = 0061572F19EA3DF400C20203 /* Project object */;
			proxyType = 1;
			remoteGlobalIDString = 0061573619EA3DF400C20203;
			remoteInfo = ChatifyMe;
		};
/* End PBXContainerItemProxy section */

/* Begin PBXFileReference section */
		0061573719EA3DF400C20203 /* ChatifyMe.app */ = {isa = PBXFileReference; explicitFileType = wrapper.application; includeInIndex = 0; path = ChatifyMe.app; sourceTree = BUILT_PRODUCTS_DIR; };
		0061573B19EA3DF400C20203 /* Info.plist */ = {isa = PBXFileReference; lastKnownFileType = text.plist.xml; path = Info.plist; sourceTree = "<group>"; };
		0061573C19EA3DF400C20203 /* main.m */ = {isa = PBXFileReference; lastKnownFileType = sourcecode.c.objc; path = main.m; sourceTree = "<group>"; };
		0061573E19EA3DF400C20203 /* AppDelegate.h */ = {isa = PBXFileReference; lastKnownFileType = sourcecode.c.h; path = AppDelegate.h; sourceTree = "<group>"; };
		0061573F19EA3DF400C20203 /* AppDelegate.m */ = {isa = PBXFileReference; lastKnownFileType = sourcecode.c.objc; path = AppDelegate.m; sourceTree = "<group>"; };
		0061574119EA3DF400C20203 /* ViewController.h */ = {isa = PBXFileReference; lastKnownFileType = sourcecode.c.h; path = ViewController.h; sourceTree = "<group>"; };
		0061574219EA3DF400C20203 /* ViewController.m */ = {isa = PBXFileReference; lastKnownFileType = sourcecode.c.objc; path = ViewController.m; sourceTree = "<group>"; };
		0061574519EA3DF400C20203 /* Base */ = {isa = PBXFileReference; lastKnownFileType = file.storyboard; name = Base; path = Base.lproj/Main.storyboard; sourceTree = "<group>"; };
		0061574719EA3DF400C20203 /* Images.xcassets */ = {isa = PBXFileReference; lastKnownFileType = folder.assetcatalog; path = Images.xcassets; sourceTree = "<group>"; };
		0061574A19EA3DF400C20203 /* Base */ = {isa = PBXFileReference; lastKnownFileType = file.xib; name = Base; path = Base.lproj/LaunchScreen.xib; sourceTree = "<group>"; };
		0061575019EA3DF400C20203 /* ChatifyMeTests.xctest */ = {isa = PBXFileReference; explicitFileType = wrapper.cfbundle; includeInIndex = 0; path = ChatifyMeTests.xctest; sourceTree = BUILT_PRODUCTS_DIR; };
		0061575519EA3DF400C20203 /* Info.plist */ = {isa = PBXFileReference; lastKnownFileType = text.plist.xml; path = Info.plist; sourceTree = "<group>"; };
		0061575619EA3DF400C20203 /* ChatifyMeTests.m */ = {isa = PBXFileReference; lastKnownFileType = sourcecode.c.objc; path = ChatifyMeTests.m; sourceTree = "<group>"; };
		0061576519EA410100C20203 /* Accounts.framework */ = {isa = PBXFileReference; lastKnownFileType = wrapper.framework; name = Accounts.framework; path = System/Library/Frameworks/Accounts.framework; sourceTree = SDKROOT; };
		0061576719EA410900C20203 /* AudioToolbox.framework */ = {isa = PBXFileReference; lastKnownFileType = wrapper.framework; name = AudioToolbox.framework; path = System/Library/Frameworks/AudioToolbox.framework; sourceTree = SDKROOT; };
		0061576919EA411000C20203 /* CFNetwork.framework */ = {isa = PBXFileReference; lastKnownFileType = wrapper.framework; name = CFNetwork.framework; path = System/Library/Frameworks/CFNetwork.framework; sourceTree = SDKROOT; };
		0061576B19EA411900C20203 /* CoreGraphics.framework */ = {isa = PBXFileReference; lastKnownFileType = wrapper.framework; name = CoreGraphics.framework; path = System/Library/Frameworks/CoreGraphics.framework; sourceTree = SDKROOT; };
		0061576D19EA412100C20203 /* CoreLocation.framework */ = {isa = PBXFileReference; lastKnownFileType = wrapper.framework; name = CoreLocation.framework; path = System/Library/Frameworks/CoreLocation.framework; sourceTree = SDKROOT; };
		0061576F19EA412D00C20203 /* libz.dylib */ = {isa = PBXFileReference; lastKnownFileType = "compiled.mach-o.dylib"; name = libz.dylib; path = usr/lib/libz.dylib; sourceTree = SDKROOT; };
		0061577119EA413600C20203 /* MobileCoreServices.framework */ = {isa = PBXFileReference; lastKnownFileType = wrapper.framework; name = MobileCoreServices.framework; path = System/Library/Frameworks/MobileCoreServices.framework; sourceTree = SDKROOT; };
		0061577319EA413D00C20203 /* QuartzCore.framework */ = {isa = PBXFileReference; lastKnownFileType = wrapper.framework; name = QuartzCore.framework; path = System/Library/Frameworks/QuartzCore.framework; sourceTree = SDKROOT; };
		0061577519EA414600C20203 /* Security.framework */ = {isa = PBXFileReference; lastKnownFileType = wrapper.framework; name = Security.framework; path = System/Library/Frameworks/Security.framework; sourceTree = SDKROOT; };
		0061577719EA414E00C20203 /* Social.framework */ = {isa = PBXFileReference; lastKnownFileType = wrapper.framework; name = Social.framework; path = System/Library/Frameworks/Social.framework; sourceTree = SDKROOT; };
		0061577919EA415700C20203 /* StoreKit.framework */ = {isa = PBXFileReference; lastKnownFileType = wrapper.framework; name = StoreKit.framework; path = System/Library/Frameworks/StoreKit.framework; sourceTree = SDKROOT; };
		0061577B19EA416300C20203 /* SystemConfiguration.framework */ = {isa = PBXFileReference; lastKnownFileType = wrapper.framework; name = SystemConfiguration.framework; path = System/Library/Frameworks/SystemConfiguration.framework; sourceTree = SDKROOT; };
		0061577D19EA4A3000C20203 /* LoginViewController.h */ = {isa = PBXFileReference; fileEncoding = 4; lastKnownFileType = sourcecode.c.h; path = LoginViewController.h; sourceTree = "<group>"; };
		0061577E19EA4A3000C20203 /* LoginViewController.m */ = {isa = PBXFileReference; fileEncoding = 4; lastKnownFileType = sourcecode.c.objc; path = LoginViewController.m; sourceTree = "<group>"; };
		0061578319EA4AE100C20203 /* ChatifymeBG.jpg */ = {isa = PBXFileReference; lastKnownFileType = image.jpeg; path = ChatifymeBG.jpg; sourceTree = "<group>"; };
		0061578519EA4C0100C20203 /* chat.png */ = {isa = PBXFileReference; lastKnownFileType = image.png; path = chat.png; sourceTree = "<group>"; };
		0061578619EA4C0100C20203 /* user.png */ = {isa = PBXFileReference; lastKnownFileType = image.png; path = user.png; sourceTree = "<group>"; };
		0061578919EA503500C20203 /* Bolts.framework */ = {isa = PBXFileReference; lastKnownFileType = wrapper.framework; name = Bolts.framework; path = "../../../Downloads/parse-library-1/Bolts.framework"; sourceTree = "<group>"; };
		0061579419EA5CA300C20203 /* Foundation.framework */ = {isa = PBXFileReference; lastKnownFileType = wrapper.framework; name = Foundation.framework; path = System/Library/Frameworks/Foundation.framework; sourceTree = SDKROOT; };
		0061579919EA6CB400C20203 /* ChatCell.h */ = {isa = PBXFileReference; fileEncoding = 4; lastKnownFileType = sourcecode.c.h; path = ChatCell.h; sourceTree = "<group>"; };
		0061579A19EA6CB400C20203 /* ChatCell.m */ = {isa = PBXFileReference; fileEncoding = 4; lastKnownFileType = sourcecode.c.objc; path = ChatCell.m; sourceTree = "<group>"; };
		0061579C19EA7BB400C20203 /* Parse.framework */ = {isa = PBXFileReference; lastKnownFileType = wrapper.framework; path = Parse.framework; sourceTree = "<group>"; };
		00F1F8C219EC3D9C00FDBC4E /* TransitionControllers */ = {isa = PBXFileReference; lastKnownFileType = folder; path = TransitionControllers; sourceTree = "<group>"; };
		00F1F8C419EC3EDA00FDBC4E /* WelcomeViewController.h */ = {isa = PBXFileReference; fileEncoding = 4; lastKnownFileType = sourcecode.c.h; path = WelcomeViewController.h; sourceTree = "<group>"; };
		00F1F8C519EC3EDA00FDBC4E /* WelcomeViewController.m */ = {isa = PBXFileReference; fileEncoding = 4; lastKnownFileType = sourcecode.c.objc; path = WelcomeViewController.m; sourceTree = "<group>"; };
		00F1F8CA19EC40E500FDBC4E /* DropAnimationController.m */ = {isa = PBXFileReference; lastKnownFileType = sourcecode.c.objc; name = DropAnimationController.m; path = TransitionControllers/DropAnimationController.m; sourceTree = "<group>"; };
		00F1F8CB19EC40E500FDBC4E /* ZoomAnimationController.m */ = {isa = PBXFileReference; lastKnownFileType = sourcecode.c.objc; name = ZoomAnimationController.m; path = TransitionControllers/ZoomAnimationController.m; sourceTree = "<group>"; };
		00F1F8CE19EC412700FDBC4E /* UIKit.framework */ = {isa = PBXFileReference; lastKnownFileType = wrapper.framework; name = UIKit.framework; path = System/Library/Frameworks/UIKit.framework; sourceTree = SDKROOT; };
		00F1F8D019EC532B00FDBC4E /* SignUpViewController.h */ = {isa = PBXFileReference; fileEncoding = 4; lastKnownFileType = sourcecode.c.h; path = SignUpViewController.h; sourceTree = "<group>"; };
		00F1F8D119EC532B00FDBC4E /* SignUpViewController.m */ = {isa = PBXFileReference; fileEncoding = 4; lastKnownFileType = sourcecode.c.objc; path = SignUpViewController.m; sourceTree = "<group>"; };
		00F1F8D319EC577900FDBC4E /* Scringo */ = {isa = PBXFileReference; lastKnownFileType = folder; path = Scringo; sourceTree = "<group>"; };
		00F1F8D519EC57E300FDBC4E /* Scringo.framework */ = {isa = PBXFileReference; lastKnownFileType = wrapper.framework; name = Scringo.framework; path = ChatifyMe/Scringo/Scringo.framework; sourceTree = "<group>"; };
		00F1F8D719EC57EF00FDBC4E /* Scringo.bundle */ = {isa = PBXFileReference; lastKnownFileType = "wrapper.plug-in"; name = Scringo.bundle; path = ChatifyMe/Scringo/Scringo.framework/Scringo.bundle; sourceTree = "<group>"; };
		00F1F8D919EC586F00FDBC4E /* FacebookSDK.framework */ = {isa = PBXFileReference; lastKnownFileType = wrapper.framework; path = FacebookSDK.framework; sourceTree = "<group>"; };
		00F1F8DB19EC588900FDBC4E /* MapKit.framework */ = {isa = PBXFileReference; lastKnownFileType = wrapper.framework; name = MapKit.framework; path = System/Library/Frameworks/MapKit.framework; sourceTree = SDKROOT; };
/* End PBXFileReference section */

/* Begin PBXFrameworksBuildPhase section */
		0061573419EA3DF400C20203 /* Frameworks */ = {
			isa = PBXFrameworksBuildPhase;
			buildActionMask = 2147483647;
			files = (
				00F1F8DC19EC588900FDBC4E /* MapKit.framework in Frameworks */,
				00F1F8D619EC57E300FDBC4E /* Scringo.framework in Frameworks */,
				00F1F8CF19EC412700FDBC4E /* UIKit.framework in Frameworks */,
				0061579519EA5CA300C20203 /* Foundation.framework in Frameworks */,
				0061578A19EA503500C20203 /* Bolts.framework in Frameworks */,
				0061577C19EA416300C20203 /* SystemConfiguration.framework in Frameworks */,
				00F1F8DA19EC586F00FDBC4E /* FacebookSDK.framework in Frameworks */,
				0061577A19EA415700C20203 /* StoreKit.framework in Frameworks */,
				0061579D19EA7BB400C20203 /* Parse.framework in Frameworks */,
				0061577819EA414E00C20203 /* Social.framework in Frameworks */,
				0061577619EA414600C20203 /* Security.framework in Frameworks */,
				0061577419EA413D00C20203 /* QuartzCore.framework in Frameworks */,
				0061577219EA413600C20203 /* MobileCoreServices.framework in Frameworks */,
				0061577019EA412D00C20203 /* libz.dylib in Frameworks */,
				0061576E19EA412100C20203 /* CoreLocation.framework in Frameworks */,
				0061576C19EA411900C20203 /* CoreGraphics.framework in Frameworks */,
				0061576A19EA411000C20203 /* CFNetwork.framework in Frameworks */,
				0061576819EA410900C20203 /* AudioToolbox.framework in Frameworks */,
				0061576619EA410100C20203 /* Accounts.framework in Frameworks */,
			);
			runOnlyForDeploymentPostprocessing = 0;
		};
		0061574D19EA3DF400C20203 /* Frameworks */ = {
			isa = PBXFrameworksBuildPhase;
			buildActionMask = 2147483647;
			files = (
			);
			runOnlyForDeploymentPostprocessing = 0;
		};
/* End PBXFrameworksBuildPhase section */

/* Begin PBXGroup section */
		0061572E19EA3DF400C20203 = {
			isa = PBXGroup;
			children = (
				0061573919EA3DF400C20203 /* ChatifyMe */,
				0061578219EA4A9E00C20203 /* Resources */,
				0061576119EA3FAE00C20203 /* Frameworks */,
				0061576019EA3F8100C20203 /* Libraries */,
				0061575319EA3DF400C20203 /* ChatifyMeTests */,
				0061573819EA3DF400C20203 /* Products */,
			);
			sourceTree = "<group>";
		};
		0061573819EA3DF400C20203 /* Products */ = {
			isa = PBXGroup;
			children = (
				0061573719EA3DF400C20203 /* ChatifyMe.app */,
				0061575019EA3DF400C20203 /* ChatifyMeTests.xctest */,
			);
			name = Products;
			sourceTree = "<group>";
		};
		0061573919EA3DF400C20203 /* ChatifyMe */ = {
			isa = PBXGroup;
			children = (
				0061579819EA6C8700C20203 /* Modal */,
				0061579719EA6C8100C20203 /* Views */,
				0061579619EA6C7A00C20203 /* Controllers */,
				0061573E19EA3DF400C20203 /* AppDelegate.h */,
				0061573F19EA3DF400C20203 /* AppDelegate.m */,
				0061574419EA3DF400C20203 /* Main.storyboard */,
				0061574719EA3DF400C20203 /* Images.xcassets */,
				0061574919EA3DF400C20203 /* LaunchScreen.xib */,
				0061573A19EA3DF400C20203 /* Supporting Files */,
			);
			path = ChatifyMe;
			sourceTree = "<group>";
		};
		0061573A19EA3DF400C20203 /* Supporting Files */ = {
			isa = PBXGroup;
			children = (
				00F1F8CA19EC40E500FDBC4E /* DropAnimationController.m */,
				00F1F8CB19EC40E500FDBC4E /* ZoomAnimationController.m */,
				0061573B19EA3DF400C20203 /* Info.plist */,
				0061573C19EA3DF400C20203 /* main.m */,
			);
			name = "Supporting Files";
			sourceTree = "<group>";
		};
		0061575319EA3DF400C20203 /* ChatifyMeTests */ = {
			isa = PBXGroup;
			children = (
				0061575619EA3DF400C20203 /* ChatifyMeTests.m */,
				0061575419EA3DF400C20203 /* Supporting Files */,
			);
			path = ChatifyMeTests;
			sourceTree = "<group>";
		};
		0061575419EA3DF400C20203 /* Supporting Files */ = {
			isa = PBXGroup;
			children = (
				0061575519EA3DF400C20203 /* Info.plist */,
			);
			name = "Supporting Files";
			sourceTree = "<group>";
		};
		0061576019EA3F8100C20203 /* Libraries */ = {
			isa = PBXGroup;
			children = (
				00F1F8D319EC577900FDBC4E /* Scringo */,
				00F1F8C219EC3D9C00FDBC4E /* TransitionControllers */,
			);
			name = Libraries;
			path = ChatifyMe;
			sourceTree = "<group>";
		};
		0061576119EA3FAE00C20203 /* Frameworks */ = {
			isa = PBXGroup;
			children = (
				00F1F8DB19EC588900FDBC4E /* MapKit.framework */,
				00F1F8D919EC586F00FDBC4E /* FacebookSDK.framework */,
				00F1F8D719EC57EF00FDBC4E /* Scringo.bundle */,
				00F1F8D519EC57E300FDBC4E /* Scringo.framework */,
				00F1F8CE19EC412700FDBC4E /* UIKit.framework */,
				0061579C19EA7BB400C20203 /* Parse.framework */,
				0061579419EA5CA300C20203 /* Foundation.framework */,
				0061578919EA503500C20203 /* Bolts.framework */,
				0061577B19EA416300C20203 /* SystemConfiguration.framework */,
				0061577919EA415700C20203 /* StoreKit.framework */,
				0061577719EA414E00C20203 /* Social.framework */,
				0061577519EA414600C20203 /* Security.framework */,
				0061577319EA413D00C20203 /* QuartzCore.framework */,
				0061577119EA413600C20203 /* MobileCoreServices.framework */,
				0061576F19EA412D00C20203 /* libz.dylib */,
				0061576D19EA412100C20203 /* CoreLocation.framework */,
				0061576B19EA411900C20203 /* CoreGraphics.framework */,
				0061576919EA411000C20203 /* CFNetwork.framework */,
				0061576719EA410900C20203 /* AudioToolbox.framework */,
				0061576519EA410100C20203 /* Accounts.framework */,
			);
			name = Frameworks;
			sourceTree = "<group>";
		};
		0061578219EA4A9E00C20203 /* Resources */ = {
			isa = PBXGroup;
			children = (
				0061578519EA4C0100C20203 /* chat.png */,
				0061578619EA4C0100C20203 /* user.png */,
				0061578319EA4AE100C20203 /* ChatifymeBG.jpg */,
			);
			name = Resources;
			sourceTree = "<group>";
		};
		0061579619EA6C7A00C20203 /* Controllers */ = {
			isa = PBXGroup;
			children = (
				0061574119EA3DF400C20203 /* ViewController.h */,
				0061574219EA3DF400C20203 /* ViewController.m */,
				0061577D19EA4A3000C20203 /* LoginViewController.h */,
				0061577E19EA4A3000C20203 /* LoginViewController.m */,
				00F1F8C419EC3EDA00FDBC4E /* WelcomeViewController.h */,
				00F1F8C519EC3EDA00FDBC4E /* WelcomeViewController.m */,
				00F1F8D019EC532B00FDBC4E /* SignUpViewController.h */,
				00F1F8D119EC532B00FDBC4E /* SignUpViewController.m */,
			);
			name = Controllers;
			sourceTree = "<group>";
		};
		0061579719EA6C8100C20203 /* Views */ = {
			isa = PBXGroup;
			children = (
				0061579919EA6CB400C20203 /* ChatCell.h */,
				0061579A19EA6CB400C20203 /* ChatCell.m */,
			);
			name = Views;
			sourceTree = "<group>";
		};
		0061579819EA6C8700C20203 /* Modal */ = {
			isa = PBXGroup;
			children = (
			);
			name = Modal;
			sourceTree = "<group>";
		};
/* End PBXGroup section */

/* Begin PBXNativeTarget section */
		0061573619EA3DF400C20203 /* ChatifyMe */ = {
			isa = PBXNativeTarget;
			buildConfigurationList = 0061575A19EA3DF400C20203 /* Build configuration list for PBXNativeTarget "ChatifyMe" */;
			buildPhases = (
				0061573319EA3DF400C20203 /* Sources */,
				0061573419EA3DF400C20203 /* Frameworks */,
				0061573519EA3DF400C20203 /* Resources */,
			);
			buildRules = (
			);
			dependencies = (
			);
			name = ChatifyMe;
			productName = ChatifyMe;
			productReference = 0061573719EA3DF400C20203 /* ChatifyMe.app */;
			productType = "com.apple.product-type.application";
		};
		0061574F19EA3DF400C20203 /* ChatifyMeTests */ = {
			isa = PBXNativeTarget;
			buildConfigurationList = 0061575D19EA3DF400C20203 /* Build configuration list for PBXNativeTarget "ChatifyMeTests" */;
			buildPhases = (
				0061574C19EA3DF400C20203 /* Sources */,
				0061574D19EA3DF400C20203 /* Frameworks */,
				0061574E19EA3DF400C20203 /* Resources */,
			);
			buildRules = (
			);
			dependencies = (
				0061575219EA3DF400C20203 /* PBXTargetDependency */,
			);
			name = ChatifyMeTests;
			productName = ChatifyMeTests;
			productReference = 0061575019EA3DF400C20203 /* ChatifyMeTests.xctest */;
			productType = "com.apple.product-type.bundle.unit-test";
		};
/* End PBXNativeTarget section */

/* Begin PBXProject section */
		0061572F19EA3DF400C20203 /* Project object */ = {
			isa = PBXProject;
			attributes = {
				LastUpgradeCheck = 0600;
				ORGANIZATIONNAME = "Suhail Bhat";
				TargetAttributes = {
					0061573619EA3DF400C20203 = {
						CreatedOnToolsVersion = 6.0.1;
					};
					0061574F19EA3DF400C20203 = {
						CreatedOnToolsVersion = 6.0.1;
						TestTargetID = 0061573619EA3DF400C20203;
					};
				};
			};
			buildConfigurationList = 0061573219EA3DF400C20203 /* Build configuration list for PBXProject "ChatifyMe" */;
			compatibilityVersion = "Xcode 3.2";
			developmentRegion = English;
			hasScannedForEncodings = 0;
			knownRegions = (
				en,
				Base,
			);
			mainGroup = 0061572E19EA3DF400C20203;
			productRefGroup = 0061573819EA3DF400C20203 /* Products */;
			projectDirPath = "";
			projectRoot = "";
			targets = (
				0061573619EA3DF400C20203 /* ChatifyMe */,
				0061574F19EA3DF400C20203 /* ChatifyMeTests */,
			);
		};
/* End PBXProject section */

/* Begin PBXResourcesBuildPhase section */
		0061573519EA3DF400C20203 /* Resources */ = {
			isa = PBXResourcesBuildPhase;
			buildActionMask = 2147483647;
			files = (
				0061574619EA3DF400C20203 /* Main.storyboard in Resources */,
				0061578419EA4AE100C20203 /* ChatifymeBG.jpg in Resources */,
				00F1F8C319EC3D9C00FDBC4E /* TransitionControllers in Resources */,
				0061574B19EA3DF400C20203 /* LaunchScreen.xib in Resources */,
				00F1F8D419EC577900FDBC4E /* Scringo in Resources */,
				0061578819EA4C0100C20203 /* user.png in Resources */,
				0061574819EA3DF400C20203 /* Images.xcassets in Resources */,
				0061578719EA4C0100C20203 /* chat.png in Resources */,
			);
			runOnlyForDeploymentPostprocessing = 0;
		};
		0061574E19EA3DF400C20203 /* Resources */ = {
			isa = PBXResourcesBuildPhase;
			buildActionMask = 2147483647;
			files = (
			);
			runOnlyForDeploymentPostprocessing = 0;
		};
/* End PBXResourcesBuildPhase section */

/* Begin PBXSourcesBuildPhase section */
		0061573319EA3DF400C20203 /* Sources */ = {
			isa = PBXSourcesBuildPhase;
			buildActionMask = 2147483647;
			files = (
				00F1F8CC19EC40E500FDBC4E /* DropAnimationController.m in Sources */,
				00F1F8CD19EC40E500FDBC4E /* ZoomAnimationController.m in Sources */,
				0061578019EA4A3000C20203 /* LoginViewController.m in Sources */,
				0061574319EA3DF400C20203 /* ViewController.m in Sources */,
				0061574019EA3DF400C20203 /* AppDelegate.m in Sources */,
				0061579B19EA6CB400C20203 /* ChatCell.m in Sources */,
				0061573D19EA3DF400C20203 /* main.m in Sources */,
				00F1F8C719EC3EDA00FDBC4E /* WelcomeViewController.m in Sources */,
				00F1F8D219EC532B00FDBC4E /* SignUpViewController.m in Sources */,
			);
			runOnlyForDeploymentPostprocessing = 0;
		};
		0061574C19EA3DF400C20203 /* Sources */ = {
			isa = PBXSourcesBuildPhase;
			buildActionMask = 2147483647;
			files = (
				0061575719EA3DF400C20203 /* ChatifyMeTests.m in Sources */,
			);
			runOnlyForDeploymentPostprocessing = 0;
		};
/* End PBXSourcesBuildPhase section */

/* Begin PBXTargetDependency section */
		0061575219EA3DF400C20203 /* PBXTargetDependency */ = {
			isa = PBXTargetDependency;
			target = 0061573619EA3DF400C20203 /* ChatifyMe */;
			targetProxy = 0061575119EA3DF400C20203 /* PBXContainerItemProxy */;
		};
/* End PBXTargetDependency section */

/* Begin PBXVariantGroup section */
		0061574419EA3DF400C20203 /* Main.storyboard */ = {
			isa = PBXVariantGroup;
			children = (
				0061574519EA3DF400C20203 /* Base */,
			);
			name = Main.storyboard;
			sourceTree = "<group>";
		};
		0061574919EA3DF400C20203 /* LaunchScreen.xib */ = {
			isa = PBXVariantGroup;
			children = (
				0061574A19EA3DF400C20203 /* Base */,
			);
			name = LaunchScreen.xib;
			sourceTree = "<group>";
		};
/* End PBXVariantGroup section */

/* Begin XCBuildConfiguration section */
		0061575819EA3DF400C20203 /* Debug */ = {
			isa = XCBuildConfiguration;
			buildSettings = {
				ALWAYS_SEARCH_USER_PATHS = NO;
				CLANG_CXX_LANGUAGE_STANDARD = "gnu++0x";
				CLANG_CXX_LIBRARY = "libc++";
				CLANG_ENABLE_MODULES = YES;
				CLANG_ENABLE_OBJC_ARC = YES;
				CLANG_WARN_BOOL_CONVERSION = YES;
				CLANG_WARN_CONSTANT_CONVERSION = YES;
				CLANG_WARN_DIRECT_OBJC_ISA_USAGE = YES_ERROR;
				CLANG_WARN_EMPTY_BODY = YES;
				CLANG_WARN_ENUM_CONVERSION = YES;
				CLANG_WARN_INT_CONVERSION = YES;
				CLANG_WARN_OBJC_ROOT_CLASS = YES_ERROR;
				CLANG_WARN_UNREACHABLE_CODE = YES;
				CLANG_WARN__DUPLICATE_METHOD_MATCH = YES;
				"CODE_SIGN_IDENTITY[sdk=iphoneos*]" = "iPhone Developer";
				COPY_PHASE_STRIP = NO;
				ENABLE_STRICT_OBJC_MSGSEND = YES;
				GCC_C_LANGUAGE_STANDARD = gnu99;
				GCC_DYNAMIC_NO_PIC = NO;
				GCC_OPTIMIZATION_LEVEL = 0;
				GCC_PREPROCESSOR_DEFINITIONS = (
					"DEBUG=1",
					"$(inherited)",
				);
				GCC_SYMBOLS_PRIVATE_EXTERN = NO;
				GCC_WARN_64_TO_32_BIT_CONVERSION = YES;
				GCC_WARN_ABOUT_RETURN_TYPE = YES_ERROR;
				GCC_WARN_UNDECLARED_SELECTOR = YES;
				GCC_WARN_UNINITIALIZED_AUTOS = YES_AGGRESSIVE;
				GCC_WARN_UNUSED_FUNCTION = YES;
				GCC_WARN_UNUSED_VARIABLE = YES;
				IPHONEOS_DEPLOYMENT_TARGET = 7.1;
				MTL_ENABLE_DEBUG_INFO = YES;
				ONLY_ACTIVE_ARCH = YES;
				SDKROOT = iphoneos;
				TARGETED_DEVICE_FAMILY = "1,2";
			};
			name = Debug;
		};
		0061575919EA3DF400C20203 /* Release */ = {
			isa = XCBuildConfiguration;
			buildSettings = {
				ALWAYS_SEARCH_USER_PATHS = NO;
				CLANG_CXX_LANGUAGE_STANDARD = "gnu++0x";
				CLANG_CXX_LIBRARY = "libc++";
				CLANG_ENABLE_MODULES = YES;
				CLANG_ENABLE_OBJC_ARC = YES;
				CLANG_WARN_BOOL_CONVERSION = YES;
				CLANG_WARN_CONSTANT_CONVERSION = YES;
				CLANG_WARN_DIRECT_OBJC_ISA_USAGE = YES_ERROR;
				CLANG_WARN_EMPTY_BODY = YES;
				CLANG_WARN_ENUM_CONVERSION = YES;
				CLANG_WARN_INT_CONVERSION = YES;
				CLANG_WARN_OBJC_ROOT_CLASS = YES_ERROR;
				CLANG_WARN_UNREACHABLE_CODE = YES;
				CLANG_WARN__DUPLICATE_METHOD_MATCH = YES;
				"CODE_SIGN_IDENTITY[sdk=iphoneos*]" = "iPhone Developer";
				COPY_PHASE_STRIP = YES;
				ENABLE_NS_ASSERTIONS = NO;
				ENABLE_STRICT_OBJC_MSGSEND = YES;
				GCC_C_LANGUAGE_STANDARD = gnu99;
				GCC_WARN_64_TO_32_BIT_CONVERSION = YES;
				GCC_WARN_ABOUT_RETURN_TYPE = YES_ERROR;
				GCC_WARN_UNDECLARED_SELECTOR = YES;
				GCC_WARN_UNINITIALIZED_AUTOS = YES_AGGRESSIVE;
				GCC_WARN_UNUSED_FUNCTION = YES;
				GCC_WARN_UNUSED_VARIABLE = YES;
				IPHONEOS_DEPLOYMENT_TARGET = 7.1;
				MTL_ENABLE_DEBUG_INFO = NO;
				SDKROOT = iphoneos;
				TARGETED_DEVICE_FAMILY = "1,2";
				VALIDATE_PRODUCT = YES;
			};
			name = Release;
		};
		0061575B19EA3DF400C20203 /* Debug */ = {
			isa = XCBuildConfiguration;
			buildSettings = {
				ASSETCATALOG_COMPILER_APPICON_NAME = AppIcon;
				FRAMEWORK_SEARCH_PATHS = (
					"$(inherited)",
					"$(PROJECT_DIR)",
					"/Users/suhailbhat/Downloads/parse-library-1",
					"$(PROJECT_DIR)/ChatifyMe/Scringo",
				);
				INFOPLIST_FILE = ChatifyMe/Info.plist;
				LD_RUNPATH_SEARCH_PATHS = "$(inherited) @executable_path/Frameworks";
				PRODUCT_NAME = "$(TARGET_NAME)";
			};
			name = Debug;
		};
		0061575C19EA3DF400C20203 /* Release */ = {
			isa = XCBuildConfiguration;
			buildSettings = {
				ASSETCATALOG_COMPILER_APPICON_NAME = AppIcon;
				FRAMEWORK_SEARCH_PATHS = (
					"$(inherited)",
					"$(PROJECT_DIR)",
					"/Users/suhailbhat/Downloads/parse-library-1",
					"$(PROJECT_DIR)/ChatifyMe/Scringo",
				);
				INFOPLIST_FILE = ChatifyMe/Info.plist;
				LD_RUNPATH_SEARCH_PATHS = "$(inherited) @executable_path/Frameworks";
				PRODUCT_NAME = "$(TARGET_NAME)";
			};
			name = Release;
		};
		0061575E19EA3DF400C20203 /* Debug */ = {
			isa = XCBuildConfiguration;
			buildSettings = {
				BUNDLE_LOADER = "$(TEST_HOST)";
				FRAMEWORK_SEARCH_PATHS = (
					"$(SDKROOT)/Developer/Library/Frameworks",
					"$(inherited)",
					"$(PROJECT_DIR)",
				);
				GCC_PREPROCESSOR_DEFINITIONS = (
					"DEBUG=1",
					"$(inherited)",
				);
				INFOPLIST_FILE = ChatifyMeTests/Info.plist;
				LD_RUNPATH_SEARCH_PATHS = "$(inherited) @executable_path/Frameworks @loader_path/Frameworks";
				PRODUCT_NAME = "$(TARGET_NAME)";
				TEST_HOST = "$(BUILT_PRODUCTS_DIR)/ChatifyMe.app/ChatifyMe";
			};
			name = Debug;
		};
		0061575F19EA3DF400C20203 /* Release */ = {
			isa = XCBuildConfiguration;
			buildSettings = {
				BUNDLE_LOADER = "$(TEST_HOST)";
				FRAMEWORK_SEARCH_PATHS = (
					"$(SDKROOT)/Developer/Library/Frameworks",
					"$(inherited)",
					"$(PROJECT_DIR)",
				);
				INFOPLIST_FILE = ChatifyMeTests/Info.plist;
				LD_RUNPATH_SEARCH_PATHS = "$(inherited) @executable_path/Frameworks @loader_path/Frameworks";
				PRODUCT_NAME = "$(TARGET_NAME)";
				TEST_HOST = "$(BUILT_PRODUCTS_DIR)/ChatifyMe.app/ChatifyMe";
			};
			name = Release;
		};
/* End XCBuildConfiguration section */

/* Begin XCConfigurationList section */
		0061573219EA3DF400C20203 /* Build configuration list for PBXProject "ChatifyMe" */ = {
			isa = XCConfigurationList;
			buildConfigurations = (
				0061575819EA3DF400C20203 /* Debug */,
				0061575919EA3DF400C20203 /* Release */,
			);
			defaultConfigurationIsVisible = 0;
			defaultConfigurationName = Release;
		};
		0061575A19EA3DF400C20203 /* Build configuration list for PBXNativeTarget "ChatifyMe" */ = {
			isa = XCConfigurationList;
			buildConfigurations = (
				0061575B19EA3DF400C20203 /* Debug */,
				0061575C19EA3DF400C20203 /* Release */,
			);
			defaultConfigurationIsVisible = 0;
			defaultConfigurationName = Release;
		};
		0061575D19EA3DF400C20203 /* Build configuration list for PBXNativeTarget "ChatifyMeTests" */ = {
			isa = XCConfigurationList;
			buildConfigurations = (
				0061575E19EA3DF400C20203 /* Debug */,
				0061575F19EA3DF400C20203 /* Release */,
			);
			defaultConfigurationIsVisible = 0;
			defaultConfigurationName = Release;
		};
/* End XCConfigurationList section */
	};
	rootObject = 0061572F19EA3DF400C20203 /* Project object */;
}
